// !$*UTF8*$!
{
	archiveVersion = 1;
	classes = {
	};
	objectVersion = 56;
	objects = {

/* Begin PBXBuildFile section */
		01F48D512B4890E100E28E93 /* AppDelegate.swift in Sources */ = {isa = PBXBuildFile; fileRef = 01F48D502B4890E100E28E93 /* AppDelegate.swift */; };
		01F48D532B4890E100E28E93 /* SceneDelegate.swift in Sources */ = {isa = PBXBuildFile; fileRef = 01F48D522B4890E100E28E93 /* SceneDelegate.swift */; };
		01F48D552B4890E100E28E93 /* ViewController.swift in Sources */ = {isa = PBXBuildFile; fileRef = 01F48D542B4890E100E28E93 /* ViewController.swift */; };
		01F48D582B4890E100E28E93 /* Main.storyboard in Resources */ = {isa = PBXBuildFile; fileRef = 01F48D562B4890E100E28E93 /* Main.storyboard */; };
		01F48D5A2B4890E200E28E93 /* Assets.xcassets in Resources */ = {isa = PBXBuildFile; fileRef = 01F48D592B4890E200E28E93 /* Assets.xcassets */; };
		01F48D5D2B4890E200E28E93 /* LaunchScreen.storyboard in Resources */ = {isa = PBXBuildFile; fileRef = 01F48D5B2B4890E200E28E93 /* LaunchScreen.storyboard */; };
		7C4A4D9F2B4ABABA009803F1 /* StackViewController.swift in Sources */ = {isa = PBXBuildFile; fileRef = 7C4A4D9E2B4ABABA009803F1 /* StackViewController.swift */; };
		D533AA512BB0426D008BF423 /* SREasyConstraint in Frameworks */ = {isa = PBXBuildFile; productRef = D533AA502BB0426D008BF423 /* SREasyConstraint */; };
/* End PBXBuildFile section */

/* Begin PBXFileReference section */
		01F48D4D2B4890E100E28E93 /* SREasyConstraintExample.app */ = {isa = PBXFileReference; explicitFileType = wrapper.application; includeInIndex = 0; path = SREasyConstraintExample.app; sourceTree = BUILT_PRODUCTS_DIR; };
		01F48D502B4890E100E28E93 /* AppDelegate.swift */ = {isa = PBXFileReference; lastKnownFileType = sourcecode.swift; path = AppDelegate.swift; sourceTree = "<group>"; };
		01F48D522B4890E100E28E93 /* SceneDelegate.swift */ = {isa = PBXFileReference; lastKnownFileType = sourcecode.swift; path = SceneDelegate.swift; sourceTree = "<group>"; };
		01F48D542B4890E100E28E93 /* ViewController.swift */ = {isa = PBXFileReference; lastKnownFileType = sourcecode.swift; path = ViewController.swift; sourceTree = "<group>"; };
		01F48D572B4890E100E28E93 /* Base */ = {isa = PBXFileReference; lastKnownFileType = file.storyboard; name = Base; path = Base.lproj/Main.storyboard; sourceTree = "<group>"; };
		01F48D592B4890E200E28E93 /* Assets.xcassets */ = {isa = PBXFileReference; lastKnownFileType = folder.assetcatalog; path = Assets.xcassets; sourceTree = "<group>"; };
		01F48D5C2B4890E200E28E93 /* Base */ = {isa = PBXFileReference; lastKnownFileType = file.storyboard; name = Base; path = Base.lproj/LaunchScreen.storyboard; sourceTree = "<group>"; };
		01F48D5E2B4890E200E28E93 /* Info.plist */ = {isa = PBXFileReference; lastKnownFileType = text.plist.xml; path = Info.plist; sourceTree = "<group>"; };
		7C4A4D9E2B4ABABA009803F1 /* StackViewController.swift */ = {isa = PBXFileReference; lastKnownFileType = sourcecode.swift; path = StackViewController.swift; sourceTree = "<group>"; };
/* End PBXFileReference section */

/* Begin PBXFrameworksBuildPhase section */
		01F48D4A2B4890E100E28E93 /* Frameworks */ = {
			isa = PBXFrameworksBuildPhase;
			buildActionMask = 2147483647;
			files = (
				D533AA512BB0426D008BF423 /* SREasyConstraint in Frameworks */,
			);
			runOnlyForDeploymentPostprocessing = 0;
		};
/* End PBXFrameworksBuildPhase section */

/* Begin PBXGroup section */
		01F48D442B4890E100E28E93 = {
			isa = PBXGroup;
			children = (
				01F48D4F2B4890E100E28E93 /* SREasyConstraintExample */,
				01F48D4E2B4890E100E28E93 /* Products */,
			);
			sourceTree = "<group>";
		};
		01F48D4E2B4890E100E28E93 /* Products */ = {
			isa = PBXGroup;
			children = (
				01F48D4D2B4890E100E28E93 /* SREasyConstraintExample.app */,
			);
			name = Products;
			sourceTree = "<group>";
		};
		01F48D4F2B4890E100E28E93 /* SREasyConstraintExample */ = {
			isa = PBXGroup;
			children = (
				D583F9DE2B494CC90072BE37 /* Controllers */,
				D583F9DD2B494CBB0072BE37 /* Assets */,
				D583F9DC2B494CB20072BE37 /* Application */,
				01F48D5B2B4890E200E28E93 /* LaunchScreen.storyboard */,
				01F48D5E2B4890E200E28E93 /* Info.plist */,
			);
			path = SREasyConstraintExample;
			sourceTree = "<group>";
		};
		D583F9DC2B494CB20072BE37 /* Application */ = {
			isa = PBXGroup;
			children = (
				01F48D502B4890E100E28E93 /* AppDelegate.swift */,
				01F48D522B4890E100E28E93 /* SceneDelegate.swift */,
			);
			path = Application;
			sourceTree = "<group>";
		};
		D583F9DD2B494CBB0072BE37 /* Assets */ = {
			isa = PBXGroup;
			children = (
				01F48D592B4890E200E28E93 /* Assets.xcassets */,
			);
			path = Assets;
			sourceTree = "<group>";
		};
		D583F9DE2B494CC90072BE37 /* Controllers */ = {
			isa = PBXGroup;
			children = (
				01F48D542B4890E100E28E93 /* ViewController.swift */,
				7C4A4D9E2B4ABABA009803F1 /* StackViewController.swift */,
				01F48D562B4890E100E28E93 /* Main.storyboard */,
			);
			path = Controllers;
			sourceTree = "<group>";
		};
/* End PBXGroup section */

/* Begin PBXNativeTarget section */
		01F48D4C2B4890E100E28E93 /* SREasyConstraintExample */ = {
			isa = PBXNativeTarget;
			buildConfigurationList = 01F48D612B4890E200E28E93 /* Build configuration list for PBXNativeTarget "SREasyConstraintExample" */;
			buildPhases = (
				01F48D492B4890E100E28E93 /* Sources */,
				01F48D4A2B4890E100E28E93 /* Frameworks */,
				01F48D4B2B4890E100E28E93 /* Resources */,
			);
			buildRules = (
			);
			dependencies = (
			);
			name = SREasyConstraintExample;
			packageProductDependencies = (
				D533AA502BB0426D008BF423 /* SREasyConstraint */,
			);
			productName = SRConstraintsHelper;
			productReference = 01F48D4D2B4890E100E28E93 /* SREasyConstraintExample.app */;
			productType = "com.apple.product-type.application";
		};
/* End PBXNativeTarget section */

/* Begin PBXProject section */
		01F48D452B4890E100E28E93 /* Project object */ = {
			isa = PBXProject;
			attributes = {
				BuildIndependentTargetsInParallel = 1;
				LastSwiftUpdateCheck = 1510;
				LastUpgradeCheck = 1510;
				TargetAttributes = {
					01F48D4C2B4890E100E28E93 = {
						CreatedOnToolsVersion = 15.1;
					};
				};
			};
			buildConfigurationList = 01F48D482B4890E100E28E93 /* Build configuration list for PBXProject "SREasyConstraintExample" */;
			compatibilityVersion = "Xcode 14.0";
			developmentRegion = en;
			hasScannedForEncodings = 0;
			knownRegions = (
				en,
				Base,
			);
			mainGroup = 01F48D442B4890E100E28E93;
			packageReferences = (
				D533AA4F2BB0426D008BF423 /* XCRemoteSwiftPackageReference "SREasyConstraint" */,
			);
			productRefGroup = 01F48D4E2B4890E100E28E93 /* Products */;
			projectDirPath = "";
			projectRoot = "";
			targets = (
				01F48D4C2B4890E100E28E93 /* SREasyConstraintExample */,
			);
		};
/* End PBXProject section */

/* Begin PBXResourcesBuildPhase section */
		01F48D4B2B4890E100E28E93 /* Resources */ = {
			isa = PBXResourcesBuildPhase;
			buildActionMask = 2147483647;
			files = (
				01F48D5D2B4890E200E28E93 /* LaunchScreen.storyboard in Resources */,
				01F48D5A2B4890E200E28E93 /* Assets.xcassets in Resources */,
				01F48D582B4890E100E28E93 /* Main.storyboard in Resources */,
			);
			runOnlyForDeploymentPostprocessing = 0;
		};
/* End PBXResourcesBuildPhase section */

/* Begin PBXSourcesBuildPhase section */
		01F48D492B4890E100E28E93 /* Sources */ = {
			isa = PBXSourcesBuildPhase;
			buildActionMask = 2147483647;
			files = (
				01F48D552B4890E100E28E93 /* ViewController.swift in Sources */,
				7C4A4D9F2B4ABABA009803F1 /* StackViewController.swift in Sources */,
				01F48D512B4890E100E28E93 /* AppDelegate.swift in Sources */,
				01F48D532B4890E100E28E93 /* SceneDelegate.swift in Sources */,
			);
			runOnlyForDeploymentPostprocessing = 0;
		};
/* End PBXSourcesBuildPhase section */

/* Begin PBXVariantGroup section */
		01F48D562B4890E100E28E93 /* Main.storyboard */ = {
			isa = PBXVariantGroup;
			children = (
				01F48D572B4890E100E28E93 /* Base */,
			);
			name = Main.storyboard;
			sourceTree = "<group>";
		};
		01F48D5B2B4890E200E28E93 /* LaunchScreen.storyboard */ = {
			isa = PBXVariantGroup;
			children = (
				01F48D5C2B4890E200E28E93 /* Base */,
			);
			name = LaunchScreen.storyboard;
			sourceTree = "<group>";
		};
/* End PBXVariantGroup section */

/* Begin XCBuildConfiguration section */
		01F48D5F2B4890E200E28E93 /* Debug */ = {
			isa = XCBuildConfiguration;
			buildSettings = {
				ALWAYS_SEARCH_USER_PATHS = NO;
				ASSETCATALOG_COMPILER_GENERATE_SWIFT_ASSET_SYMBOL_EXTENSIONS = YES;
				CLANG_ANALYZER_NONNULL = YES;
				CLANG_ANALYZER_NUMBER_OBJECT_CONVERSION = YES_AGGRESSIVE;
				CLANG_CXX_LANGUAGE_STANDARD = "gnu++20";
				CLANG_ENABLE_MODULES = YES;
				CLANG_ENABLE_OBJC_ARC = YES;
				CLANG_ENABLE_OBJC_WEAK = YES;
				CLANG_WARN_BLOCK_CAPTURE_AUTORELEASING = YES;
				CLANG_WARN_BOOL_CONVERSION = YES;
				CLANG_WARN_COMMA = YES;
				CLANG_WARN_CONSTANT_CONVERSION = YES;
				CLANG_WARN_DEPRECATED_OBJC_IMPLEMENTATIONS = YES;
				CLANG_WARN_DIRECT_OBJC_ISA_USAGE = YES_ERROR;
				CLANG_WARN_DOCUMENTATION_COMMENTS = YES;
				CLANG_WARN_EMPTY_BODY = YES;
				CLANG_WARN_ENUM_CONVERSION = YES;
				CLANG_WARN_INFINITE_RECURSION = YES;
				CLANG_WARN_INT_CONVERSION = YES;
				CLANG_WARN_NON_LITERAL_NULL_CONVERSION = YES;
				CLANG_WARN_OBJC_IMPLICIT_RETAIN_SELF = YES;
				CLANG_WARN_OBJC_LITERAL_CONVERSION = YES;
				CLANG_WARN_OBJC_ROOT_CLASS = YES_ERROR;
				CLANG_WARN_QUOTED_INCLUDE_IN_FRAMEWORK_HEADER = YES;
				CLANG_WARN_RANGE_LOOP_ANALYSIS = YES;
				CLANG_WARN_STRICT_PROTOTYPES = YES;
				CLANG_WARN_SUSPICIOUS_MOVE = YES;
				CLANG_WARN_UNGUARDED_AVAILABILITY = YES_AGGRESSIVE;
				CLANG_WARN_UNREACHABLE_CODE = YES;
				CLANG_WARN__DUPLICATE_METHOD_MATCH = YES;
				COPY_PHASE_STRIP = NO;
				DEBUG_INFORMATION_FORMAT = dwarf;
				ENABLE_STRICT_OBJC_MSGSEND = YES;
				ENABLE_TESTABILITY = YES;
				ENABLE_USER_SCRIPT_SANDBOXING = YES;
				GCC_C_LANGUAGE_STANDARD = gnu17;
				GCC_DYNAMIC_NO_PIC = NO;
				GCC_NO_COMMON_BLOCKS = YES;
				GCC_OPTIMIZATION_LEVEL = 0;
				GCC_PREPROCESSOR_DEFINITIONS = (
					"DEBUG=1",
					"$(inherited)",
				);
				GCC_WARN_64_TO_32_BIT_CONVERSION = YES;
				GCC_WARN_ABOUT_RETURN_TYPE = YES_ERROR;
				GCC_WARN_UNDECLARED_SELECTOR = YES;
				GCC_WARN_UNINITIALIZED_AUTOS = YES_AGGRESSIVE;
				GCC_WARN_UNUSED_FUNCTION = YES;
				GCC_WARN_UNUSED_VARIABLE = YES;
				IPHONEOS_DEPLOYMENT_TARGET = 17.2;
				LOCALIZATION_PREFERS_STRING_CATALOGS = YES;
				MTL_ENABLE_DEBUG_INFO = INCLUDE_SOURCE;
				MTL_FAST_MATH = YES;
				ONLY_ACTIVE_ARCH = YES;
				SDKROOT = iphoneos;
				SWIFT_ACTIVE_COMPILATION_CONDITIONS = "DEBUG $(inherited)";
				SWIFT_OPTIMIZATION_LEVEL = "-Onone";
			};
			name = Debug;
		};
		01F48D602B4890E200E28E93 /* Release */ = {
			isa = XCBuildConfiguration;
			buildSettings = {
				ALWAYS_SEARCH_USER_PATHS = NO;
				ASSETCATALOG_COMPILER_GENERATE_SWIFT_ASSET_SYMBOL_EXTENSIONS = YES;
				CLANG_ANALYZER_NONNULL = YES;
				CLANG_ANALYZER_NUMBER_OBJECT_CONVERSION = YES_AGGRESSIVE;
				CLANG_CXX_LANGUAGE_STANDARD = "gnu++20";
				CLANG_ENABLE_MODULES = YES;
				CLANG_ENABLE_OBJC_ARC = YES;
				CLANG_ENABLE_OBJC_WEAK = YES;
				CLANG_WARN_BLOCK_CAPTURE_AUTORELEASING = YES;
				CLANG_WARN_BOOL_CONVERSION = YES;
				CLANG_WARN_COMMA = YES;
				CLANG_WARN_CONSTANT_CONVERSION = YES;
				CLANG_WARN_DEPRECATED_OBJC_IMPLEMENTATIONS = YES;
				CLANG_WARN_DIRECT_OBJC_ISA_USAGE = YES_ERROR;
				CLANG_WARN_DOCUMENTATION_COMMENTS = YES;
				CLANG_WARN_EMPTY_BODY = YES;
				CLANG_WARN_ENUM_CONVERSION = YES;
				CLANG_WARN_INFINITE_RECURSION = YES;
				CLANG_WARN_INT_CONVERSION = YES;
				CLANG_WARN_NON_LITERAL_NULL_CONVERSION = YES;
				CLANG_WARN_OBJC_IMPLICIT_RETAIN_SELF = YES;
				CLANG_WARN_OBJC_LITERAL_CONVERSION = YES;
				CLANG_WARN_OBJC_ROOT_CLASS = YES_ERROR;
				CLANG_WARN_QUOTED_INCLUDE_IN_FRAMEWORK_HEADER = YES;
				CLANG_WARN_RANGE_LOOP_ANALYSIS = YES;
				CLANG_WARN_STRICT_PROTOTYPES = YES;
				CLANG_WARN_SUSPICIOUS_MOVE = YES;
				CLANG_WARN_UNGUARDED_AVAILABILITY = YES_AGGRESSIVE;
				CLANG_WARN_UNREACHABLE_CODE = YES;
				CLANG_WARN__DUPLICATE_METHOD_MATCH = YES;
				COPY_PHASE_STRIP = NO;
				DEBUG_INFORMATION_FORMAT = "dwarf-with-dsym";
				ENABLE_NS_ASSERTIONS = NO;
				ENABLE_STRICT_OBJC_MSGSEND = YES;
				ENABLE_USER_SCRIPT_SANDBOXING = YES;
				GCC_C_LANGUAGE_STANDARD = gnu17;
				GCC_NO_COMMON_BLOCKS = YES;
				GCC_WARN_64_TO_32_BIT_CONVERSION = YES;
				GCC_WARN_ABOUT_RETURN_TYPE = YES_ERROR;
				GCC_WARN_UNDECLARED_SELECTOR = YES;
				GCC_WARN_UNINITIALIZED_AUTOS = YES_AGGRESSIVE;
				GCC_WARN_UNUSED_FUNCTION = YES;
				GCC_WARN_UNUSED_VARIABLE = YES;
				IPHONEOS_DEPLOYMENT_TARGET = 17.2;
				LOCALIZATION_PREFERS_STRING_CATALOGS = YES;
				MTL_ENABLE_DEBUG_INFO = NO;
				MTL_FAST_MATH = YES;
				SDKROOT = iphoneos;
				SWIFT_COMPILATION_MODE = wholemodule;
				VALIDATE_PRODUCT = YES;
			};
			name = Release;
		};
		01F48D622B4890E200E28E93 /* Debug */ = {
			isa = XCBuildConfiguration;
			buildSettings = {
				ASSETCATALOG_COMPILER_APPICON_NAME = AppIcon;
				ASSETCATALOG_COMPILER_GLOBAL_ACCENT_COLOR_NAME = AccentColor;
				CODE_SIGN_STYLE = Automatic;
				CURRENT_PROJECT_VERSION = 1;
				GENERATE_INFOPLIST_FILE = YES;
				INFOPLIST_FILE = SREasyConstraintExample/Info.plist;
				INFOPLIST_KEY_UIApplicationSupportsIndirectInputEvents = YES;
				INFOPLIST_KEY_UILaunchStoryboardName = LaunchScreen;
				INFOPLIST_KEY_UIMainStoryboardFile = Main;
				INFOPLIST_KEY_UISupportedInterfaceOrientations_iPad = "UIInterfaceOrientationPortrait UIInterfaceOrientationPortraitUpsideDown UIInterfaceOrientationLandscapeLeft UIInterfaceOrientationLandscapeRight";
				INFOPLIST_KEY_UISupportedInterfaceOrientations_iPhone = "UIInterfaceOrientationPortrait UIInterfaceOrientationLandscapeLeft UIInterfaceOrientationLandscapeRight";
				IPHONEOS_DEPLOYMENT_TARGET = 15.0;
				LD_RUNPATH_SEARCH_PATHS = (
					"$(inherited)",
					"@executable_path/Frameworks",
				);
				MARKETING_VERSION = 1.0;
				PRODUCT_BUNDLE_IDENTIFIER = com.siamak.SREasyConstraintExample;
				PRODUCT_NAME = "$(TARGET_NAME)";
				SWIFT_EMIT_LOC_STRINGS = YES;
				SWIFT_VERSION = 5.0;
				TARGETED_DEVICE_FAMILY = "1,2";
			};
			name = Debug;
		};
		01F48D632B4890E200E28E93 /* Release */ = {
			isa = XCBuildConfiguration;
			buildSettings = {
				ASSETCATALOG_COMPILER_APPICON_NAME = AppIcon;
				ASSETCATALOG_COMPILER_GLOBAL_ACCENT_COLOR_NAME = AccentColor;
				CODE_SIGN_STYLE = Automatic;
				CURRENT_PROJECT_VERSION = 1;
				GENERATE_INFOPLIST_FILE = YES;
				INFOPLIST_FILE = SREasyConstraintExample/Info.plist;
				INFOPLIST_KEY_UIApplicationSupportsIndirectInputEvents = YES;
				INFOPLIST_KEY_UILaunchStoryboardName = LaunchScreen;
				INFOPLIST_KEY_UIMainStoryboardFile = Main;
				INFOPLIST_KEY_UISupportedInterfaceOrientations_iPad = "UIInterfaceOrientationPortrait UIInterfaceOrientationPortraitUpsideDown UIInterfaceOrientationLandscapeLeft UIInterfaceOrientationLandscapeRight";
				INFOPLIST_KEY_UISupportedInterfaceOrientations_iPhone = "UIInterfaceOrientationPortrait UIInterfaceOrientationLandscapeLeft UIInterfaceOrientationLandscapeRight";
				IPHONEOS_DEPLOYMENT_TARGET = 15.0;
				LD_RUNPATH_SEARCH_PATHS = (
					"$(inherited)",
					"@executable_path/Frameworks",
				);
				MARKETING_VERSION = 1.0;
				PRODUCT_BUNDLE_IDENTIFIER = com.siamak.SREasyConstraintExample;
				PRODUCT_NAME = "$(TARGET_NAME)";
				SWIFT_EMIT_LOC_STRINGS = YES;
				SWIFT_VERSION = 5.0;
				TARGETED_DEVICE_FAMILY = "1,2";
			};
			name = Release;
		};
/* End XCBuildConfiguration section */

/* Begin XCConfigurationList section */
		01F48D482B4890E100E28E93 /* Build configuration list for PBXProject "SREasyConstraintExample" */ = {
			isa = XCConfigurationList;
			buildConfigurations = (
				01F48D5F2B4890E200E28E93 /* Debug */,
				01F48D602B4890E200E28E93 /* Release */,
			);
			defaultConfigurationIsVisible = 0;
			defaultConfigurationName = Release;
		};
		01F48D612B4890E200E28E93 /* Build configuration list for PBXNativeTarget "SREasyConstraintExample" */ = {
			isa = XCConfigurationList;
			buildConfigurations = (
				01F48D622B4890E200E28E93 /* Debug */,
				01F48D632B4890E200E28E93 /* Release */,
			);
			defaultConfigurationIsVisible = 0;
			defaultConfigurationName = Release;
		};
/* End XCConfigurationList section */

/* Begin XCRemoteSwiftPackageReference section */
		D533AA4F2BB0426D008BF423 /* XCRemoteSwiftPackageReference "SREasyConstraint" */ = {
			isa = XCRemoteSwiftPackageReference;
			repositoryURL = "https://github.com/siamakrostami/SREasyConstraint";
			requirement = {
				kind = upToNextMajorVersion;
				minimumVersion = 0.0.1;
			};
		};
/* End XCRemoteSwiftPackageReference section */

/* Begin XCSwiftPackageProductDependency section */
		D533AA502BB0426D008BF423 /* SREasyConstraint */ = {
			isa = XCSwiftPackageProductDependency;
			package = D533AA4F2BB0426D008BF423 /* XCRemoteSwiftPackageReference "SREasyConstraint" */;
			productName = SREasyConstraint;
		};
/* End XCSwiftPackageProductDependency section */
	};
	rootObject = 01F48D452B4890E100E28E93 /* Project object */;
}
